// !$*UTF8*$!
{
	archiveVersion = 1;
	classes = {
	};
	objectVersion = 77;
	objects = {

/* Begin PBXBuildFile section */
		01978C27E89C317B0515118F /* ScrollableFillView.swift in Sources */ = {isa = PBXBuildFile; fileRef = 216769BEF4D15D89E66AF64B /* ScrollableFillView.swift */; };
		02E21F9DC4DC1A797657A859 /* Typography.swift in Sources */ = {isa = PBXBuildFile; fileRef = 8D28B773C8EDDC2BA7C7D993 /* Typography.swift */; };
		0510B5801E753003A86A2B04 /* AuthSession.swift in Sources */ = {isa = PBXBuildFile; fileRef = 95BEB4DA6A1BCCFD8355575E /* AuthSession.swift */; };
		0F72FB6A09D4EA5C229698CF /* WelcomeView.swift in Sources */ = {isa = PBXBuildFile; fileRef = BCF885D756104B3EBAAD6DB2 /* WelcomeView.swift */; };
		13A3F51D8D1936880AA037CF /* AppSectionTests.swift in Sources */ = {isa = PBXBuildFile; fileRef = 09F8559FAFC3A462A0C31CC0 /* AppSectionTests.swift */; };
		15E53C663EE9CEDBF1E4FCCE /* SupabaseFamilyAPIClientTests.swift in Sources */ = {isa = PBXBuildFile; fileRef = 94B90F66016EC2C905347224 /* SupabaseFamilyAPIClientTests.swift */; };
		1C5AF463F2A7DF887C811BCB /* FamilyAPIClient.swift in Sources */ = {isa = PBXBuildFile; fileRef = A50E6303411CD369F8AFC507 /* FamilyAPIClient.swift */; };
		1D03D9D4C76C029973315865 /* RootView.swift in Sources */ = {isa = PBXBuildFile; fileRef = C608A0E7AB49C7BAF3669796 /* RootView.swift */; };
		1D8CD9A1C4FB43018038FB4B /* StubAuthService.swift in Sources */ = {isa = PBXBuildFile; fileRef = 462D42E5774046BDAEAA69E2 /* StubAuthService.swift */; };
		1F25A631ACCC133CEE190ABF /* OTPVerificationModelTests.swift in Sources */ = {isa = PBXBuildFile; fileRef = D5C295C45BFA6330DF97EDAD /* OTPVerificationModelTests.swift */; };
		1F393961CF9F97E34474AD4F /* AuthButtonsState.swift in Sources */ = {isa = PBXBuildFile; fileRef = 0AB26A8533526BFBFD692560 /* AuthButtonsState.swift */; };
		25FCC21C16E35CFC9D838BBB /* AuthButtonsStateTests.swift in Sources */ = {isa = PBXBuildFile; fileRef = D6FB791F1C8D6FD682B0ABDB /* AuthButtonsStateTests.swift */; };
		2D03B61ACA5DD6A649155EDC /* OTPCodeField.swift in Sources */ = {isa = PBXBuildFile; fileRef = 577DBA3D01933EB35214704B /* OTPCodeField.swift */; };
		32824AF2CC5F64CE44CBB595 /* AppSectionUniquenessTests.swift in Sources */ = {isa = PBXBuildFile; fileRef = 694B9025A186F1BE1D429EED /* AppSectionUniquenessTests.swift */; };
		336A7171428B83A957574DFF /* InMemoryAuthLocalStorage.swift in Sources */ = {isa = PBXBuildFile; fileRef = 96263CE935C656C186FDEC99 /* InMemoryAuthLocalStorage.swift */; };
		34CA41320091E645AE354AA2 /* SupabaseClientFactory.swift in Sources */ = {isa = PBXBuildFile; fileRef = 3A1BE3C8BA19FA35C011C2A4 /* SupabaseClientFactory.swift */; };
		38CA95B73E034159909A0F90 /* EmailSignInModel.swift in Sources */ = {isa = PBXBuildFile; fileRef = A890D7141A740E1F67B93BD7 /* EmailSignInModel.swift */; };
		38FACDC15B0DA2AF7A373639 /* SettingsView.swift in Sources */ = {isa = PBXBuildFile; fileRef = 8351A5DED54BE71EBD0A9161 /* SettingsView.swift */; };
		3E851BE2E0FD96463C07D775 /* PhotoCornerShape.swift in Sources */ = {isa = PBXBuildFile; fileRef = 8FD268EF45ACA8D3FE3F11E2 /* PhotoCornerShape.swift */; };
		3EFC0C57ED75313D4F4AA023 /* Assets.xcassets in Resources */ = {isa = PBXBuildFile; fileRef = 18AB0FEB21BA55A39EB67982 /* Assets.xcassets */; };
		4095733E802A0A772A5F047D /* OTPVerificationModel.swift in Sources */ = {isa = PBXBuildFile; fileRef = E25074609E9AF1D1EC50AD1E /* OTPVerificationModel.swift */; };
		42714D8DFF10852534591190 /* Supabase in Frameworks */ = {isa = PBXBuildFile; productRef = 3A53E62BFF6A8E95027C112E /* Supabase */; };
		4779DBBACB425B20189D11F6 /* Spacing.swift in Sources */ = {isa = PBXBuildFile; fileRef = B29793798CE839C104E800B1 /* Spacing.swift */; };
		47F024E1268E315400D0BC8A /* SupabaseFamilyAPIClient.swift in Sources */ = {isa = PBXBuildFile; fileRef = 6994C01308D56E827DA85A61 /* SupabaseFamilyAPIClient.swift */; };
		486C91604E18A60B2E5A0A87 /* AlbumsView.swift in Sources */ = {isa = PBXBuildFile; fileRef = C5291088D9B29980248B2BCF /* AlbumsView.swift */; };
		4915FC7996D1C5E5ED31B250 /* PrintPhotoCard.swift in Sources */ = {isa = PBXBuildFile; fileRef = A1FE65622DA3D1DE00028F27 /* PrintPhotoCard.swift */; };
		4C96C7336D3E00C30D6E5075 /* EmailFormat.swift in Sources */ = {isa = PBXBuildFile; fileRef = D0FA71F5E5B2E516BEC50662 /* EmailFormat.swift */; };
		4DAC292C1F7A6F7721709114 /* AppBackground.swift in Sources */ = {isa = PBXBuildFile; fileRef = 4A53A1F6D147A58F55F72D3F /* AppBackground.swift */; };
		4FBA0B132FA839140B2E7FB4 /* SupabaseClientFactoryTests.swift in Sources */ = {isa = PBXBuildFile; fileRef = F5E69B95CA3E637FEF6DFCCB /* SupabaseClientFactoryTests.swift */; };
		533B01F1B4098A3628E1B7B5 /* EmailSignInView.swift in Sources */ = {isa = PBXBuildFile; fileRef = 35722FF8F70D0F6329F4069C /* EmailSignInView.swift */; };
		54686C08900304A03BBC33F0 /* TimelineView.swift in Sources */ = {isa = PBXBuildFile; fileRef = EF988A929E58294A2FD895A6 /* TimelineView.swift */; };
		5526B3A33052BAFCF2286C04 /* SessionFixture.swift in Sources */ = {isa = PBXBuildFile; fileRef = 0E53DCEE9853B208E1D30E1B /* SessionFixture.swift */; };
		5BBAB29B23BB37B83B46D487 /* EmailSignInModelTests.swift in Sources */ = {isa = PBXBuildFile; fileRef = 226B824755111DECCA1F2AEE /* EmailSignInModelTests.swift */; };
		649D627F2BC3D16B5A550488 /* AppConfigTests.swift in Sources */ = {isa = PBXBuildFile; fileRef = 8C74E777AB0094919EC703B2 /* AppConfigTests.swift */; };
		6B5B2506E29C7F8F412E9CB3 /* SupabaseAuthService.swift in Sources */ = {isa = PBXBuildFile; fileRef = 514F93B80A8AD4C99FE4654C /* SupabaseAuthService.swift */; };
		6EFC06689B8E4216F5308FDA /* AppSection.swift in Sources */ = {isa = PBXBuildFile; fileRef = A9530233ED3E9B6D3A43AD99 /* AppSection.swift */; };
		6F71D1FB09D499364D5D1E32 /* FamilyModels.swift in Sources */ = {isa = PBXBuildFile; fileRef = EEF4B6F33EBC80A3AA56E8FC /* FamilyModels.swift */; };
		76B16560EF93FFF134B8FDE7 /* AppleSignInNonceTests.swift in Sources */ = {isa = PBXBuildFile; fileRef = A912608AE602C827E4786763 /* AppleSignInNonceTests.swift */; };
		7C64D41B5C041B3BFA66B7A8 /* EmailFormatTests.swift in Sources */ = {isa = PBXBuildFile; fileRef = 2D71D805DBF9E7B36AF16BE8 /* EmailFormatTests.swift */; };
		838BEA28E6C05A825D649B22 /* SupabaseFamilyAPIClientJoinTests.swift in Sources */ = {isa = PBXBuildFile; fileRef = DF56932F09E86FBADCA3CBDA /* SupabaseFamilyAPIClientJoinTests.swift */; };
		87E501CF0FB428B9FB3A0DCF /* MockURLProtocol.swift in Sources */ = {isa = PBXBuildFile; fileRef = 59A92C29B308B3D8C31A3C23 /* MockURLProtocol.swift */; };
		8A5D00A06F596E432294806B /* AppConfig.swift in Sources */ = {isa = PBXBuildFile; fileRef = 2D45C2CD0AC1D735E5576ABB /* AppConfig.swift */; };
		912E644926254F979A9250AB /* AppErrorTests.swift in Sources */ = {isa = PBXBuildFile; fileRef = F6A788B6CC504D5166582012 /* AppErrorTests.swift */; };
		9A7D2E907F863BA4912D5745 /* OTPVerificationView.swift in Sources */ = {isa = PBXBuildFile; fileRef = D5C8A6A59E9D7E1205CC9E65 /* OTPVerificationView.swift */; };
		9BF2965CF886A8C6DD81755A /* AuthButtons.swift in Sources */ = {isa = PBXBuildFile; fileRef = 14AB4F80381DABD0E6FE12B0 /* AuthButtons.swift */; };
		AD97CCF615FB05DEBB63BF09 /* LabeledTextField.swift in Sources */ = {isa = PBXBuildFile; fileRef = F56FB37A90BCA2F75055D3D7 /* LabeledTextField.swift */; };
		B32E3D152F36E50526D8E1B7 /* ChildrenView.swift in Sources */ = {isa = PBXBuildFile; fileRef = DCAE2B57E7D3907D0578AC21 /* ChildrenView.swift */; };
		B9BDE1E1AD633D323BBC2B5D /* AuthStoreTests.swift in Sources */ = {isa = PBXBuildFile; fileRef = 9EA929B8CFBB700BE9E073B4 /* AuthStoreTests.swift */; };
		BEF3B2012A0964248A8D983B /* AppleSignInButton.swift in Sources */ = {isa = PBXBuildFile; fileRef = 7A80BDD3D72B37E3451EAC03 /* AppleSignInButton.swift */; };
		C3C4C4F16FFBC3D5561F3DB8 /* AuthService.swift in Sources */ = {isa = PBXBuildFile; fileRef = 6A8630C948451C3739D8A263 /* AuthService.swift */; };
		C49D2DD7EC2EF00A346703EB /* OTPVerificationModelVerifyRateLimitTests.swift in Sources */ = {isa = PBXBuildFile; fileRef = 28F1472213F03BCFC33624F8 /* OTPVerificationModelVerifyRateLimitTests.swift */; };
		C5A680937E6BD7F0B4673749 /* AppleSignInNonce.swift in Sources */ = {isa = PBXBuildFile; fileRef = 587B330E759DA2D787F4E63C /* AppleSignInNonce.swift */; };
		DDBF77E8E686704D89F1ABA1 /* Supabase in Frameworks */ = {isa = PBXBuildFile; productRef = F28DE483C3DA54A9672BFDFF /* Supabase */; };
		E18D07FCED03683A17ED47CE /* KeyboardHeightObserver.swift in Sources */ = {isa = PBXBuildFile; fileRef = 743A14E1E7666B9B37F94689 /* KeyboardHeightObserver.swift */; };
		E2E9E24C6F7E93396FD38F4B /* AuthRoute.swift in Sources */ = {isa = PBXBuildFile; fileRef = 95B92F29867CB3855772E654 /* AuthRoute.swift */; };
		E5D68ECAE74FF9EBBC782E5D /* OTPVerificationModelLockoutTests.swift in Sources */ = {isa = PBXBuildFile; fileRef = A5C9C0FFAC9911BA268EBA27 /* OTPVerificationModelLockoutTests.swift */; };
		E96D464C2FD698F14A9B2604 /* ColorTokens.swift in Sources */ = {isa = PBXBuildFile; fileRef = 0E8702562330091E614920D1 /* ColorTokens.swift */; };
		E9D2117BDEB489D4DE815852 /* AuthStore.swift in Sources */ = {isa = PBXBuildFile; fileRef = 722D8ED2CA2CA763DF21AAB7 /* AuthStore.swift */; };
		EAE0F09527AC42C2D246F300 /* PreviewAuthService.swift in Sources */ = {isa = PBXBuildFile; fileRef = 942E474356C1903582E00247 /* PreviewAuthService.swift */; };
		F27F45599214FDECF551569C /* SupabaseAuthServiceTests.swift in Sources */ = {isa = PBXBuildFile; fileRef = 10BC44040357E3B0C3EF9BC3 /* SupabaseAuthServiceTests.swift */; };
		F462FED59ADC341536F34B8A /* AppError.swift in Sources */ = {isa = PBXBuildFile; fileRef = 76C79515621CA9052803B7EA /* AppError.swift */; };
		F90747ADA6446C8F7FA27137 /* LittleSproutApp.swift in Sources */ = {isa = PBXBuildFile; fileRef = 3ADE9B28C92582D4C51FF485 /* LittleSproutApp.swift */; };
		FD1569202C44723F87AD94C3 /* OTPVerificationModelRateLimitTests.swift in Sources */ = {isa = PBXBuildFile; fileRef = E466449A44696816AA484F94 /* OTPVerificationModelRateLimitTests.swift */; };
		FDE17BE504613C437ADC4F9C /* TestSupabaseClient.swift in Sources */ = {isa = PBXBuildFile; fileRef = 468EF1C61FA7C2B35E756487 /* TestSupabaseClient.swift */; };
/* End PBXBuildFile section */

/* Begin PBXContainerItemProxy section */
		1E675F4B2F57735C0E5CF9BC /* PBXContainerItemProxy */ = {
			isa = PBXContainerItemProxy;
			containerPortal = 3FD113F87A60C4A70D92B16B /* Project object */;
			proxyType = 1;
			remoteGlobalIDString = F2C05988D2849D562345990D;
			remoteInfo = LittleSprout;
		};
/* End PBXContainerItemProxy section */

/* Begin PBXFileReference section */
		09F8559FAFC3A462A0C31CC0 /* AppSectionTests.swift */ = {isa = PBXFileReference; lastKnownFileType = sourcecode.swift; path = AppSectionTests.swift; sourceTree = "<group>"; };
		0AB26A8533526BFBFD692560 /* AuthButtonsState.swift */ = {isa = PBXFileReference; lastKnownFileType = sourcecode.swift; path = AuthButtonsState.swift; sourceTree = "<group>"; };
		0E53DCEE9853B208E1D30E1B /* SessionFixture.swift */ = {isa = PBXFileReference; lastKnownFileType = sourcecode.swift; path = SessionFixture.swift; sourceTree = "<group>"; };
		0E8702562330091E614920D1 /* ColorTokens.swift */ = {isa = PBXFileReference; lastKnownFileType = sourcecode.swift; path = ColorTokens.swift; sourceTree = "<group>"; };
		10BC44040357E3B0C3EF9BC3 /* SupabaseAuthServiceTests.swift */ = {isa = PBXFileReference; lastKnownFileType = sourcecode.swift; path = SupabaseAuthServiceTests.swift; sourceTree = "<group>"; };
		14AB4F80381DABD0E6FE12B0 /* AuthButtons.swift */ = {isa = PBXFileReference; lastKnownFileType = sourcecode.swift; path = AuthButtons.swift; sourceTree = "<group>"; };
		18AB0FEB21BA55A39EB67982 /* Assets.xcassets */ = {isa = PBXFileReference; lastKnownFileType = folder.assetcatalog; path = Assets.xcassets; sourceTree = "<group>"; };
		216769BEF4D15D89E66AF64B /* ScrollableFillView.swift */ = {isa = PBXFileReference; lastKnownFileType = sourcecode.swift; path = ScrollableFillView.swift; sourceTree = "<group>"; };
		226B824755111DECCA1F2AEE /* EmailSignInModelTests.swift */ = {isa = PBXFileReference; lastKnownFileType = sourcecode.swift; path = EmailSignInModelTests.swift; sourceTree = "<group>"; };
		28F1472213F03BCFC33624F8 /* OTPVerificationModelVerifyRateLimitTests.swift */ = {isa = PBXFileReference; lastKnownFileType = sourcecode.swift; path = OTPVerificationModelVerifyRateLimitTests.swift; sourceTree = "<group>"; };
		2D45C2CD0AC1D735E5576ABB /* AppConfig.swift */ = {isa = PBXFileReference; lastKnownFileType = sourcecode.swift; path = AppConfig.swift; sourceTree = "<group>"; };
		2D71D805DBF9E7B36AF16BE8 /* EmailFormatTests.swift */ = {isa = PBXFileReference; lastKnownFileType = sourcecode.swift; path = EmailFormatTests.swift; sourceTree = "<group>"; };
		35722FF8F70D0F6329F4069C /* EmailSignInView.swift */ = {isa = PBXFileReference; lastKnownFileType = sourcecode.swift; path = EmailSignInView.swift; sourceTree = "<group>"; };
		3A1BE3C8BA19FA35C011C2A4 /* SupabaseClientFactory.swift */ = {isa = PBXFileReference; lastKnownFileType = sourcecode.swift; path = SupabaseClientFactory.swift; sourceTree = "<group>"; };
		3ADE9B28C92582D4C51FF485 /* LittleSproutApp.swift */ = {isa = PBXFileReference; lastKnownFileType = sourcecode.swift; path = LittleSproutApp.swift; sourceTree = "<group>"; };
		462D42E5774046BDAEAA69E2 /* StubAuthService.swift */ = {isa = PBXFileReference; lastKnownFileType = sourcecode.swift; path = StubAuthService.swift; sourceTree = "<group>"; };
		468EF1C61FA7C2B35E756487 /* TestSupabaseClient.swift */ = {isa = PBXFileReference; lastKnownFileType = sourcecode.swift; path = TestSupabaseClient.swift; sourceTree = "<group>"; };
		4A53A1F6D147A58F55F72D3F /* AppBackground.swift */ = {isa = PBXFileReference; lastKnownFileType = sourcecode.swift; path = AppBackground.swift; sourceTree = "<group>"; };
		514F93B80A8AD4C99FE4654C /* SupabaseAuthService.swift */ = {isa = PBXFileReference; lastKnownFileType = sourcecode.swift; path = SupabaseAuthService.swift; sourceTree = "<group>"; };
		577DBA3D01933EB35214704B /* OTPCodeField.swift */ = {isa = PBXFileReference; lastKnownFileType = sourcecode.swift; path = OTPCodeField.swift; sourceTree = "<group>"; };
		587B330E759DA2D787F4E63C /* AppleSignInNonce.swift */ = {isa = PBXFileReference; lastKnownFileType = sourcecode.swift; path = AppleSignInNonce.swift; sourceTree = "<group>"; };
		59A92C29B308B3D8C31A3C23 /* MockURLProtocol.swift */ = {isa = PBXFileReference; lastKnownFileType = sourcecode.swift; path = MockURLProtocol.swift; sourceTree = "<group>"; };
		64398867FF6A776CAD323AB7 /* LittleSprout.app */ = {isa = PBXFileReference; includeInIndex = 0; lastKnownFileType = wrapper.application; path = LittleSprout.app; sourceTree = BUILT_PRODUCTS_DIR; };
		6559B92B7B6A289D59C6481F /* Info.plist */ = {isa = PBXFileReference; lastKnownFileType = text.plist; path = Info.plist; sourceTree = "<group>"; };
		694B9025A186F1BE1D429EED /* AppSectionUniquenessTests.swift */ = {isa = PBXFileReference; lastKnownFileType = sourcecode.swift; path = AppSectionUniquenessTests.swift; sourceTree = "<group>"; };
		6994C01308D56E827DA85A61 /* SupabaseFamilyAPIClient.swift */ = {isa = PBXFileReference; lastKnownFileType = sourcecode.swift; path = SupabaseFamilyAPIClient.swift; sourceTree = "<group>"; };
		6A8630C948451C3739D8A263 /* AuthService.swift */ = {isa = PBXFileReference; lastKnownFileType = sourcecode.swift; path = AuthService.swift; sourceTree = "<group>"; };
		722D8ED2CA2CA763DF21AAB7 /* AuthStore.swift */ = {isa = PBXFileReference; lastKnownFileType = sourcecode.swift; path = AuthStore.swift; sourceTree = "<group>"; };
		743A14E1E7666B9B37F94689 /* KeyboardHeightObserver.swift */ = {isa = PBXFileReference; lastKnownFileType = sourcecode.swift; path = KeyboardHeightObserver.swift; sourceTree = "<group>"; };
		76C79515621CA9052803B7EA /* AppError.swift */ = {isa = PBXFileReference; lastKnownFileType = sourcecode.swift; path = AppError.swift; sourceTree = "<group>"; };
		7A80BDD3D72B37E3451EAC03 /* AppleSignInButton.swift */ = {isa = PBXFileReference; lastKnownFileType = sourcecode.swift; path = AppleSignInButton.swift; sourceTree = "<group>"; };
		7C508BEDC841E4E6D1F86FC5 /* Base.xcconfig */ = {isa = PBXFileReference; lastKnownFileType = text.xcconfig; path = Base.xcconfig; sourceTree = "<group>"; };
		8351A5DED54BE71EBD0A9161 /* SettingsView.swift */ = {isa = PBXFileReference; lastKnownFileType = sourcecode.swift; path = SettingsView.swift; sourceTree = "<group>"; };
		8C74E777AB0094919EC703B2 /* AppConfigTests.swift */ = {isa = PBXFileReference; lastKnownFileType = sourcecode.swift; path = AppConfigTests.swift; sourceTree = "<group>"; };
		8D28B773C8EDDC2BA7C7D993 /* Typography.swift */ = {isa = PBXFileReference; lastKnownFileType = sourcecode.swift; path = Typography.swift; sourceTree = "<group>"; };
		8FD268EF45ACA8D3FE3F11E2 /* PhotoCornerShape.swift */ = {isa = PBXFileReference; lastKnownFileType = sourcecode.swift; path = PhotoCornerShape.swift; sourceTree = "<group>"; };
		942E474356C1903582E00247 /* PreviewAuthService.swift */ = {isa = PBXFileReference; lastKnownFileType = sourcecode.swift; path = PreviewAuthService.swift; sourceTree = "<group>"; };
		94B90F66016EC2C905347224 /* SupabaseFamilyAPIClientTests.swift */ = {isa = PBXFileReference; lastKnownFileType = sourcecode.swift; path = SupabaseFamilyAPIClientTests.swift; sourceTree = "<group>"; };
		95B92F29867CB3855772E654 /* AuthRoute.swift */ = {isa = PBXFileReference; lastKnownFileType = sourcecode.swift; path = AuthRoute.swift; sourceTree = "<group>"; };
		95BEB4DA6A1BCCFD8355575E /* AuthSession.swift */ = {isa = PBXFileReference; lastKnownFileType = sourcecode.swift; path = AuthSession.swift; sourceTree = "<group>"; };
		96263CE935C656C186FDEC99 /* InMemoryAuthLocalStorage.swift */ = {isa = PBXFileReference; lastKnownFileType = sourcecode.swift; path = InMemoryAuthLocalStorage.swift; sourceTree = "<group>"; };
		9EA929B8CFBB700BE9E073B4 /* AuthStoreTests.swift */ = {isa = PBXFileReference; lastKnownFileType = sourcecode.swift; path = AuthStoreTests.swift; sourceTree = "<group>"; };
		A1FE65622DA3D1DE00028F27 /* PrintPhotoCard.swift */ = {isa = PBXFileReference; lastKnownFileType = sourcecode.swift; path = PrintPhotoCard.swift; sourceTree = "<group>"; };
		A50E6303411CD369F8AFC507 /* FamilyAPIClient.swift */ = {isa = PBXFileReference; lastKnownFileType = sourcecode.swift; path = FamilyAPIClient.swift; sourceTree = "<group>"; };
		A5C9C0FFAC9911BA268EBA27 /* OTPVerificationModelLockoutTests.swift */ = {isa = PBXFileReference; lastKnownFileType = sourcecode.swift; path = OTPVerificationModelLockoutTests.swift; sourceTree = "<group>"; };
		A890D7141A740E1F67B93BD7 /* EmailSignInModel.swift */ = {isa = PBXFileReference; lastKnownFileType = sourcecode.swift; path = EmailSignInModel.swift; sourceTree = "<group>"; };
		A912608AE602C827E4786763 /* AppleSignInNonceTests.swift */ = {isa = PBXFileReference; lastKnownFileType = sourcecode.swift; path = AppleSignInNonceTests.swift; sourceTree = "<group>"; };
		A9530233ED3E9B6D3A43AD99 /* AppSection.swift */ = {isa = PBXFileReference; lastKnownFileType = sourcecode.swift; path = AppSection.swift; sourceTree = "<group>"; };
		B29793798CE839C104E800B1 /* Spacing.swift */ = {isa = PBXFileReference; lastKnownFileType = sourcecode.swift; path = Spacing.swift; sourceTree = "<group>"; };
		B7011C61D613644C595C9208 /* LittleSproutTests.xctest */ = {isa = PBXFileReference; includeInIndex = 0; lastKnownFileType = wrapper.cfbundle; path = LittleSproutTests.xctest; sourceTree = BUILT_PRODUCTS_DIR; };
		BCF885D756104B3EBAAD6DB2 /* WelcomeView.swift */ = {isa = PBXFileReference; lastKnownFileType = sourcecode.swift; path = WelcomeView.swift; sourceTree = "<group>"; };
		C5291088D9B29980248B2BCF /* AlbumsView.swift */ = {isa = PBXFileReference; lastKnownFileType = sourcecode.swift; path = AlbumsView.swift; sourceTree = "<group>"; };
		C608A0E7AB49C7BAF3669796 /* RootView.swift */ = {isa = PBXFileReference; lastKnownFileType = sourcecode.swift; path = RootView.swift; sourceTree = "<group>"; };
		D0FA71F5E5B2E516BEC50662 /* EmailFormat.swift */ = {isa = PBXFileReference; lastKnownFileType = sourcecode.swift; path = EmailFormat.swift; sourceTree = "<group>"; };
		D5C295C45BFA6330DF97EDAD /* OTPVerificationModelTests.swift */ = {isa = PBXFileReference; lastKnownFileType = sourcecode.swift; path = OTPVerificationModelTests.swift; sourceTree = "<group>"; };
		D5C8A6A59E9D7E1205CC9E65 /* OTPVerificationView.swift */ = {isa = PBXFileReference; lastKnownFileType = sourcecode.swift; path = OTPVerificationView.swift; sourceTree = "<group>"; };
		D6FB791F1C8D6FD682B0ABDB /* AuthButtonsStateTests.swift */ = {isa = PBXFileReference; lastKnownFileType = sourcecode.swift; path = AuthButtonsStateTests.swift; sourceTree = "<group>"; };
		DCAE2B57E7D3907D0578AC21 /* ChildrenView.swift */ = {isa = PBXFileReference; lastKnownFileType = sourcecode.swift; path = ChildrenView.swift; sourceTree = "<group>"; };
		DF56932F09E86FBADCA3CBDA /* SupabaseFamilyAPIClientJoinTests.swift */ = {isa = PBXFileReference; lastKnownFileType = sourcecode.swift; path = SupabaseFamilyAPIClientJoinTests.swift; sourceTree = "<group>"; };
		E25074609E9AF1D1EC50AD1E /* OTPVerificationModel.swift */ = {isa = PBXFileReference; lastKnownFileType = sourcecode.swift; path = OTPVerificationModel.swift; sourceTree = "<group>"; };
		E466449A44696816AA484F94 /* OTPVerificationModelRateLimitTests.swift */ = {isa = PBXFileReference; lastKnownFileType = sourcecode.swift; path = OTPVerificationModelRateLimitTests.swift; sourceTree = "<group>"; };
		EEF4B6F33EBC80A3AA56E8FC /* FamilyModels.swift */ = {isa = PBXFileReference; lastKnownFileType = sourcecode.swift; path = FamilyModels.swift; sourceTree = "<group>"; };
		EF988A929E58294A2FD895A6 /* TimelineView.swift */ = {isa = PBXFileReference; lastKnownFileType = sourcecode.swift; path = TimelineView.swift; sourceTree = "<group>"; };
		F56FB37A90BCA2F75055D3D7 /* LabeledTextField.swift */ = {isa = PBXFileReference; lastKnownFileType = sourcecode.swift; path = LabeledTextField.swift; sourceTree = "<group>"; };
		F5E69B95CA3E637FEF6DFCCB /* SupabaseClientFactoryTests.swift */ = {isa = PBXFileReference; lastKnownFileType = sourcecode.swift; path = SupabaseClientFactoryTests.swift; sourceTree = "<group>"; };
		F6A788B6CC504D5166582012 /* AppErrorTests.swift */ = {isa = PBXFileReference; lastKnownFileType = sourcecode.swift; path = AppErrorTests.swift; sourceTree = "<group>"; };
/* End PBXFileReference section */

/* Begin PBXFrameworksBuildPhase section */
		A3378DEBCDDEC06B78FD0AF6 /* Frameworks */ = {
			isa = PBXFrameworksBuildPhase;
			buildActionMask = 2147483647;
			files = (
				DDBF77E8E686704D89F1ABA1 /* Supabase in Frameworks */,
			);
			runOnlyForDeploymentPostprocessing = 0;
		};
		E6E0310CF54880E120BFFA17 /* Frameworks */ = {
			isa = PBXFrameworksBuildPhase;
			buildActionMask = 2147483647;
			files = (
				42714D8DFF10852534591190 /* Supabase in Frameworks */,
			);
			runOnlyForDeploymentPostprocessing = 0;
		};
/* End PBXFrameworksBuildPhase section */

/* Begin PBXGroup section */
		08D03861B539BFBE4EC358B4 /* Family */ = {
			isa = PBXGroup;
			children = (
				A50E6303411CD369F8AFC507 /* FamilyAPIClient.swift */,
				EEF4B6F33EBC80A3AA56E8FC /* FamilyModels.swift */,
				6994C01308D56E827DA85A61 /* SupabaseFamilyAPIClient.swift */,
			);
			path = Family;
			sourceTree = "<group>";
		};
		2CB34B4A4D2A89ADD3AF2E2A /* Auth */ = {
			isa = PBXGroup;
			children = (
				0AB26A8533526BFBFD692560 /* AuthButtonsState.swift */,
				95B92F29867CB3855772E654 /* AuthRoute.swift */,
				D0FA71F5E5B2E516BEC50662 /* EmailFormat.swift */,
				A890D7141A740E1F67B93BD7 /* EmailSignInModel.swift */,
				35722FF8F70D0F6329F4069C /* EmailSignInView.swift */,
				E25074609E9AF1D1EC50AD1E /* OTPVerificationModel.swift */,
				D5C8A6A59E9D7E1205CC9E65 /* OTPVerificationView.swift */,
				BCF885D756104B3EBAAD6DB2 /* WelcomeView.swift */,
			);
			path = Auth;
			sourceTree = "<group>";
		};
		2EAF9B3EA49C21C14C5F57EE = {
			isa = PBXGroup;
			children = (
				3A8B32DFECD3766BEB34D411 /* Config */,
				7FBBA188103B61D6C48AA664 /* LittleSprout */,
				51FBBB4E3BA4ACB67A77A695 /* LittleSproutTests */,
				89C4C5B26A276CA79F42EF35 /* Products */,
			);
			sourceTree = "<group>";
		};
		3A8B32DFECD3766BEB34D411 /* Config */ = {
			isa = PBXGroup;
			children = (
				7C508BEDC841E4E6D1F86FC5 /* Base.xcconfig */,
			);
			path = Config;
			sourceTree = "<group>";
		};
		41D6EB65C7B8ABC169D5E9CD /* Config */ = {
			isa = PBXGroup;
			children = (
				2D45C2CD0AC1D735E5576ABB /* AppConfig.swift */,
				3A1BE3C8BA19FA35C011C2A4 /* SupabaseClientFactory.swift */,
			);
			path = Config;
			sourceTree = "<group>";
		};
		459A0B1D845C2292804A8309 /* Support */ = {
			isa = PBXGroup;
			children = (
				96263CE935C656C186FDEC99 /* InMemoryAuthLocalStorage.swift */,
				59A92C29B308B3D8C31A3C23 /* MockURLProtocol.swift */,
				0E53DCEE9853B208E1D30E1B /* SessionFixture.swift */,
				462D42E5774046BDAEAA69E2 /* StubAuthService.swift */,
				468EF1C61FA7C2B35E756487 /* TestSupabaseClient.swift */,
			);
			path = Support;
			sourceTree = "<group>";
		};
		459A382988641CE24F38B81F /* Auth */ = {
			isa = PBXGroup;
			children = (
				587B330E759DA2D787F4E63C /* AppleSignInNonce.swift */,
				6A8630C948451C3739D8A263 /* AuthService.swift */,
				95BEB4DA6A1BCCFD8355575E /* AuthSession.swift */,
				722D8ED2CA2CA763DF21AAB7 /* AuthStore.swift */,
				514F93B80A8AD4C99FE4654C /* SupabaseAuthService.swift */,
			);
			path = Auth;
			sourceTree = "<group>";
		};
		51FBBB4E3BA4ACB67A77A695 /* LittleSproutTests */ = {
			isa = PBXGroup;
			children = (
				8C74E777AB0094919EC703B2 /* AppConfigTests.swift */,
				F6A788B6CC504D5166582012 /* AppErrorTests.swift */,
				A912608AE602C827E4786763 /* AppleSignInNonceTests.swift */,
				09F8559FAFC3A462A0C31CC0 /* AppSectionTests.swift */,
				694B9025A186F1BE1D429EED /* AppSectionUniquenessTests.swift */,
				D6FB791F1C8D6FD682B0ABDB /* AuthButtonsStateTests.swift */,
				9EA929B8CFBB700BE9E073B4 /* AuthStoreTests.swift */,
				2D71D805DBF9E7B36AF16BE8 /* EmailFormatTests.swift */,
				226B824755111DECCA1F2AEE /* EmailSignInModelTests.swift */,
				A5C9C0FFAC9911BA268EBA27 /* OTPVerificationModelLockoutTests.swift */,
				E466449A44696816AA484F94 /* OTPVerificationModelRateLimitTests.swift */,
				D5C295C45BFA6330DF97EDAD /* OTPVerificationModelTests.swift */,
				28F1472213F03BCFC33624F8 /* OTPVerificationModelVerifyRateLimitTests.swift */,
				10BC44040357E3B0C3EF9BC3 /* SupabaseAuthServiceTests.swift */,
				F5E69B95CA3E637FEF6DFCCB /* SupabaseClientFactoryTests.swift */,
				DF56932F09E86FBADCA3CBDA /* SupabaseFamilyAPIClientJoinTests.swift */,
				94B90F66016EC2C905347224 /* SupabaseFamilyAPIClientTests.swift */,
				459A0B1D845C2292804A8309 /* Support */,
			);
			path = LittleSproutTests;
			sourceTree = "<group>";
		};
		616C205FC36548C87FABD96E /* Navigation */ = {
			isa = PBXGroup;
			children = (
				A9530233ED3E9B6D3A43AD99 /* AppSection.swift */,
				C608A0E7AB49C7BAF3669796 /* RootView.swift */,
			);
			path = Navigation;
			sourceTree = "<group>";
		};
		7FBBA188103B61D6C48AA664 /* LittleSprout */ = {
			isa = PBXGroup;
			children = (
				18AB0FEB21BA55A39EB67982 /* Assets.xcassets */,
				6559B92B7B6A289D59C6481F /* Info.plist */,
				3ADE9B28C92582D4C51FF485 /* LittleSproutApp.swift */,
				41D6EB65C7B8ABC169D5E9CD /* Config */,
				F37C4D2CC8D26BE260ED5702 /* DesignSystem */,
				EB1CA7BFF05C8BD5B8A91BBD /* Errors */,
				C8659333F128C336F0E65D3A /* Features */,
				616C205FC36548C87FABD96E /* Navigation */,
				83D70BC6677D8C0927EB217F /* Services */,
				F6DF23C2C2B81A0093D9BF61 /* Support */,
			);
			path = LittleSprout;
			sourceTree = "<group>";
		};
		83D70BC6677D8C0927EB217F /* Services */ = {
			isa = PBXGroup;
			children = (
				459A382988641CE24F38B81F /* Auth */,
				08D03861B539BFBE4EC358B4 /* Family */,
			);
			path = Services;
			sourceTree = "<group>";
		};
		89C4C5B26A276CA79F42EF35 /* Products */ = {
			isa = PBXGroup;
			children = (
				64398867FF6A776CAD323AB7 /* LittleSprout.app */,
				B7011C61D613644C595C9208 /* LittleSproutTests.xctest */,
			);
			name = Products;
			sourceTree = "<group>";
		};
		C8659333F128C336F0E65D3A /* Features */ = {
			isa = PBXGroup;
			children = (
				C5291088D9B29980248B2BCF /* AlbumsView.swift */,
				DCAE2B57E7D3907D0578AC21 /* ChildrenView.swift */,
				8351A5DED54BE71EBD0A9161 /* SettingsView.swift */,
				EF988A929E58294A2FD895A6 /* TimelineView.swift */,
				2CB34B4A4D2A89ADD3AF2E2A /* Auth */,
			);
			path = Features;
			sourceTree = "<group>";
		};
		EB1CA7BFF05C8BD5B8A91BBD /* Errors */ = {
			isa = PBXGroup;
			children = (
				76C79515621CA9052803B7EA /* AppError.swift */,
			);
			path = Errors;
			sourceTree = "<group>";
		};
		F37C4D2CC8D26BE260ED5702 /* DesignSystem */ = {
			isa = PBXGroup;
			children = (
				4A53A1F6D147A58F55F72D3F /* AppBackground.swift */,
				7A80BDD3D72B37E3451EAC03 /* AppleSignInButton.swift */,
				14AB4F80381DABD0E6FE12B0 /* AuthButtons.swift */,
				0E8702562330091E614920D1 /* ColorTokens.swift */,
				743A14E1E7666B9B37F94689 /* KeyboardHeightObserver.swift */,
				F56FB37A90BCA2F75055D3D7 /* LabeledTextField.swift */,
				577DBA3D01933EB35214704B /* OTPCodeField.swift */,
				8FD268EF45ACA8D3FE3F11E2 /* PhotoCornerShape.swift */,
				A1FE65622DA3D1DE00028F27 /* PrintPhotoCard.swift */,
				216769BEF4D15D89E66AF64B /* ScrollableFillView.swift */,
				B29793798CE839C104E800B1 /* Spacing.swift */,
				8D28B773C8EDDC2BA7C7D993 /* Typography.swift */,
			);
			path = DesignSystem;
			sourceTree = "<group>";
		};
		F6DF23C2C2B81A0093D9BF61 /* Support */ = {
			isa = PBXGroup;
			children = (
				942E474356C1903582E00247 /* PreviewAuthService.swift */,
			);
			path = Support;
			sourceTree = "<group>";
		};
/* End PBXGroup section */

/* Begin PBXNativeTarget section */
		A3ABC308E1641A4D5ED6EA51 /* LittleSproutTests */ = {
			isa = PBXNativeTarget;
			buildConfigurationList = D77F09B9CA5863DC966210C6 /* Build configuration list for PBXNativeTarget "LittleSproutTests" */;
			buildPhases = (
				FA33D78060E320305125EE35 /* Sources */,
				E6E0310CF54880E120BFFA17 /* Frameworks */,
			);
			buildRules = (
			);
			dependencies = (
				F3D0E1D21D208DBD7194B72D /* PBXTargetDependency */,
			);
			name = LittleSproutTests;
			packageProductDependencies = (
				3A53E62BFF6A8E95027C112E /* Supabase */,
			);
			productName = LittleSproutTests;
			productReference = B7011C61D613644C595C9208 /* LittleSproutTests.xctest */;
			productType = "com.apple.product-type.bundle.unit-test";
		};
		F2C05988D2849D562345990D /* LittleSprout */ = {
			isa = PBXNativeTarget;
			buildConfigurationList = D275162D36D215C3FB0ECC37 /* Build configuration list for PBXNativeTarget "LittleSprout" */;
			buildPhases = (
				4264715F4DE92769B3E41C51 /* Sources */,
				74F3B502521BDB845622E12A /* Resources */,
				A3378DEBCDDEC06B78FD0AF6 /* Frameworks */,
			);
			buildRules = (
			);
			dependencies = (
			);
			name = LittleSprout;
			packageProductDependencies = (
				F28DE483C3DA54A9672BFDFF /* Supabase */,
			);
			productName = LittleSprout;
			productReference = 64398867FF6A776CAD323AB7 /* LittleSprout.app */;
			productType = "com.apple.product-type.application";
		};
/* End PBXNativeTarget section */

/* Begin PBXProject section */
		3FD113F87A60C4A70D92B16B /* Project object */ = {
			isa = PBXProject;
			attributes = {
				BuildIndependentTargetsInParallel = YES;
				LastUpgradeCheck = 1430;
				TargetAttributes = {
				};
			};
			buildConfigurationList = 704A5E765DFC6DD74D9C2202 /* Build configuration list for PBXProject "LittleSprout" */;
			developmentRegion = en;
			hasScannedForEncodings = 0;
			knownRegions = (
				Base,
				en,
			);
			mainGroup = 2EAF9B3EA49C21C14C5F57EE;
			minimizedProjectReferenceProxies = 1;
			packageReferences = (
				A72A8F1BDF686D35E4A9C9FC /* XCRemoteSwiftPackageReference "supabase-swift" */,
			);
			preferredProjectObjectVersion = 77;
			productRefGroup = 89C4C5B26A276CA79F42EF35 /* Products */;
			projectDirPath = "";
			projectRoot = "";
			targets = (
				F2C05988D2849D562345990D /* LittleSprout */,
				A3ABC308E1641A4D5ED6EA51 /* LittleSproutTests */,
			);
		};
/* End PBXProject section */

/* Begin PBXResourcesBuildPhase section */
		74F3B502521BDB845622E12A /* Resources */ = {
			isa = PBXResourcesBuildPhase;
			buildActionMask = 2147483647;
			files = (
				3EFC0C57ED75313D4F4AA023 /* Assets.xcassets in Resources */,
			);
			runOnlyForDeploymentPostprocessing = 0;
		};
/* End PBXResourcesBuildPhase section */

/* Begin PBXSourcesBuildPhase section */
		4264715F4DE92769B3E41C51 /* Sources */ = {
			isa = PBXSourcesBuildPhase;
			buildActionMask = 2147483647;
			files = (
				486C91604E18A60B2E5A0A87 /* AlbumsView.swift in Sources */,
				4DAC292C1F7A6F7721709114 /* AppBackground.swift in Sources */,
				8A5D00A06F596E432294806B /* AppConfig.swift in Sources */,
				F462FED59ADC341536F34B8A /* AppError.swift in Sources */,
				6EFC06689B8E4216F5308FDA /* AppSection.swift in Sources */,
				BEF3B2012A0964248A8D983B /* AppleSignInButton.swift in Sources */,
				C5A680937E6BD7F0B4673749 /* AppleSignInNonce.swift in Sources */,
				9BF2965CF886A8C6DD81755A /* AuthButtons.swift in Sources */,
				1F393961CF9F97E34474AD4F /* AuthButtonsState.swift in Sources */,
				E2E9E24C6F7E93396FD38F4B /* AuthRoute.swift in Sources */,
				C3C4C4F16FFBC3D5561F3DB8 /* AuthService.swift in Sources */,
				0510B5801E753003A86A2B04 /* AuthSession.swift in Sources */,
				E9D2117BDEB489D4DE815852 /* AuthStore.swift in Sources */,
				B32E3D152F36E50526D8E1B7 /* ChildrenView.swift in Sources */,
				E96D464C2FD698F14A9B2604 /* ColorTokens.swift in Sources */,
				4C96C7336D3E00C30D6E5075 /* EmailFormat.swift in Sources */,
				38CA95B73E034159909A0F90 /* EmailSignInModel.swift in Sources */,
				533B01F1B4098A3628E1B7B5 /* EmailSignInView.swift in Sources */,
				1C5AF463F2A7DF887C811BCB /* FamilyAPIClient.swift in Sources */,
				6F71D1FB09D499364D5D1E32 /* FamilyModels.swift in Sources */,
				E18D07FCED03683A17ED47CE /* KeyboardHeightObserver.swift in Sources */,
				AD97CCF615FB05DEBB63BF09 /* LabeledTextField.swift in Sources */,
				F90747ADA6446C8F7FA27137 /* LittleSproutApp.swift in Sources */,
				2D03B61ACA5DD6A649155EDC /* OTPCodeField.swift in Sources */,
				4095733E802A0A772A5F047D /* OTPVerificationModel.swift in Sources */,
				9A7D2E907F863BA4912D5745 /* OTPVerificationView.swift in Sources */,
				3E851BE2E0FD96463C07D775 /* PhotoCornerShape.swift in Sources */,
				EAE0F09527AC42C2D246F300 /* PreviewAuthService.swift in Sources */,
				4915FC7996D1C5E5ED31B250 /* PrintPhotoCard.swift in Sources */,
				1D03D9D4C76C029973315865 /* RootView.swift in Sources */,
				01978C27E89C317B0515118F /* ScrollableFillView.swift in Sources */,
				38FACDC15B0DA2AF7A373639 /* SettingsView.swift in Sources */,
				4779DBBACB425B20189D11F6 /* Spacing.swift in Sources */,
				6B5B2506E29C7F8F412E9CB3 /* SupabaseAuthService.swift in Sources */,
				34CA41320091E645AE354AA2 /* SupabaseClientFactory.swift in Sources */,
				47F024E1268E315400D0BC8A /* SupabaseFamilyAPIClient.swift in Sources */,
				54686C08900304A03BBC33F0 /* TimelineView.swift in Sources */,
				02E21F9DC4DC1A797657A859 /* Typography.swift in Sources */,
				0F72FB6A09D4EA5C229698CF /* WelcomeView.swift in Sources */,
			);
			runOnlyForDeploymentPostprocessing = 0;
		};
		FA33D78060E320305125EE35 /* Sources */ = {
			isa = PBXSourcesBuildPhase;
			buildActionMask = 2147483647;
			files = (
				649D627F2BC3D16B5A550488 /* AppConfigTests.swift in Sources */,
				912E644926254F979A9250AB /* AppErrorTests.swift in Sources */,
				13A3F51D8D1936880AA037CF /* AppSectionTests.swift in Sources */,
				32824AF2CC5F64CE44CBB595 /* AppSectionUniquenessTests.swift in Sources */,
				76B16560EF93FFF134B8FDE7 /* AppleSignInNonceTests.swift in Sources */,
				25FCC21C16E35CFC9D838BBB /* AuthButtonsStateTests.swift in Sources */,
				B9BDE1E1AD633D323BBC2B5D /* AuthStoreTests.swift in Sources */,
				7C64D41B5C041B3BFA66B7A8 /* EmailFormatTests.swift in Sources */,
				5BBAB29B23BB37B83B46D487 /* EmailSignInModelTests.swift in Sources */,
				336A7171428B83A957574DFF /* InMemoryAuthLocalStorage.swift in Sources */,
				87E501CF0FB428B9FB3A0DCF /* MockURLProtocol.swift in Sources */,
				E5D68ECAE74FF9EBBC782E5D /* OTPVerificationModelLockoutTests.swift in Sources */,
				FD1569202C44723F87AD94C3 /* OTPVerificationModelRateLimitTests.swift in Sources */,
				1F25A631ACCC133CEE190ABF /* OTPVerificationModelTests.swift in Sources */,
				C49D2DD7EC2EF00A346703EB /* OTPVerificationModelVerifyRateLimitTests.swift in Sources */,
				5526B3A33052BAFCF2286C04 /* SessionFixture.swift in Sources */,
				1D8CD9A1C4FB43018038FB4B /* StubAuthService.swift in Sources */,
				F27F45599214FDECF551569C /* SupabaseAuthServiceTests.swift in Sources */,
				4FBA0B132FA839140B2E7FB4 /* SupabaseClientFactoryTests.swift in Sources */,
				838BEA28E6C05A825D649B22 /* SupabaseFamilyAPIClientJoinTests.swift in Sources */,
				15E53C663EE9CEDBF1E4FCCE /* SupabaseFamilyAPIClientTests.swift in Sources */,
				FDE17BE504613C437ADC4F9C /* TestSupabaseClient.swift in Sources */,
			);
			runOnlyForDeploymentPostprocessing = 0;
		};
/* End PBXSourcesBuildPhase section */

/* Begin PBXTargetDependency section */
		F3D0E1D21D208DBD7194B72D /* PBXTargetDependency */ = {
			isa = PBXTargetDependency;
			target = F2C05988D2849D562345990D /* LittleSprout */;
			targetProxy = 1E675F4B2F57735C0E5CF9BC /* PBXContainerItemProxy */;
		};
/* End PBXTargetDependency section */

/* Begin XCBuildConfiguration section */
		0569F249C29FC89A2E713D6C /* Release */ = {
			isa = XCBuildConfiguration;
			baseConfigurationReference = 7C508BEDC841E4E6D1F86FC5 /* Base.xcconfig */;
			buildSettings = {
				ASSETCATALOG_COMPILER_APPICON_NAME = AppIcon;
				CODE_SIGN_IDENTITY = "iPhone Developer";
				INFOPLIST_FILE = LittleSprout/Info.plist;
				LD_RUNPATH_SEARCH_PATHS = (
					"$(inherited)",
					"@executable_path/Frameworks",
				);
				PRODUCT_BUNDLE_IDENTIFIER = com.leoyeh.littlesprout;
				SDKROOT = iphoneos;
				TARGETED_DEVICE_FAMILY = "1,2";
			};
			name = Release;
		};
		29421F3A7D52CBE65B449F86 /* Release */ = {
			isa = XCBuildConfiguration;
			buildSettings = {
				BUNDLE_LOADER = "$(TEST_HOST)";
				GENERATE_INFOPLIST_FILE = YES;
				LD_RUNPATH_SEARCH_PATHS = (
					"$(inherited)",
					"@executable_path/Frameworks",
					"@loader_path/Frameworks",
				);
				PRODUCT_BUNDLE_IDENTIFIER = com.leoyeh.LittleSproutTests;
				SDKROOT = iphoneos;
				TARGETED_DEVICE_FAMILY = "1,2";
				TEST_HOST = "$(BUILT_PRODUCTS_DIR)/LittleSprout.app/LittleSprout";
			};
			name = Release;
		};
		2B44BAB0C35D3928E44ED5F1 /* Debug */ = {
			isa = XCBuildConfiguration;
			buildSettings = {
				ALWAYS_SEARCH_USER_PATHS = NO;
				CLANG_ANALYZER_NONNULL = YES;
				CLANG_ANALYZER_NUMBER_OBJECT_CONVERSION = YES_AGGRESSIVE;
				CLANG_CXX_LANGUAGE_STANDARD = "gnu++14";
				CLANG_CXX_LIBRARY = "libc++";
				CLANG_ENABLE_MODULES = YES;
				CLANG_ENABLE_OBJC_ARC = YES;
				CLANG_ENABLE_OBJC_WEAK = YES;
				CLANG_WARN_BLOCK_CAPTURE_AUTORELEASING = YES;
				CLANG_WARN_BOOL_CONVERSION = YES;
				CLANG_WARN_COMMA = YES;
				CLANG_WARN_CONSTANT_CONVERSION = YES;
				CLANG_WARN_DEPRECATED_OBJC_IMPLEMENTATIONS = YES;
				CLANG_WARN_DIRECT_OBJC_ISA_USAGE = YES_ERROR;
				CLANG_WARN_DOCUMENTATION_COMMENTS = YES;
				CLANG_WARN_EMPTY_BODY = YES;
				CLANG_WARN_ENUM_CONVERSION = YES;
				CLANG_WARN_INFINITE_RECURSION = YES;
				CLANG_WARN_INT_CONVERSION = YES;
				CLANG_WARN_NON_LITERAL_NULL_CONVERSION = YES;
				CLANG_WARN_OBJC_IMPLICIT_RETAIN_SELF = YES;
				CLANG_WARN_OBJC_LITERAL_CONVERSION = YES;
				CLANG_WARN_OBJC_ROOT_CLASS = YES_ERROR;
				CLANG_WARN_QUOTED_INCLUDE_IN_FRAMEWORK_HEADER = YES;
				CLANG_WARN_RANGE_LOOP_ANALYSIS = YES;
				CLANG_WARN_STRICT_PROTOTYPES = YES;
				CLANG_WARN_SUSPICIOUS_MOVE = YES;
				CLANG_WARN_UNGUARDED_AVAILABILITY = YES_AGGRESSIVE;
				CLANG_WARN_UNREACHABLE_CODE = YES;
				CLANG_WARN__DUPLICATE_METHOD_MATCH = YES;
				COPY_PHASE_STRIP = NO;
				CURRENT_PROJECT_VERSION = 1;
				DEBUG_INFORMATION_FORMAT = dwarf;
				ENABLE_STRICT_OBJC_MSGSEND = YES;
				ENABLE_TESTABILITY = YES;
				GCC_C_LANGUAGE_STANDARD = gnu11;
				GCC_DYNAMIC_NO_PIC = NO;
				GCC_NO_COMMON_BLOCKS = YES;
				GCC_OPTIMIZATION_LEVEL = 0;
				GCC_PREPROCESSOR_DEFINITIONS = (
					"$(inherited)",
					"DEBUG=1",
				);
				GCC_WARN_64_TO_32_BIT_CONVERSION = YES;
				GCC_WARN_ABOUT_RETURN_TYPE = YES_ERROR;
				GCC_WARN_UNDECLARED_SELECTOR = YES;
				GCC_WARN_UNINITIALIZED_AUTOS = YES_AGGRESSIVE;
				GCC_WARN_UNUSED_FUNCTION = YES;
				GCC_WARN_UNUSED_VARIABLE = YES;
				IPHONEOS_DEPLOYMENT_TARGET = 17.0;
				MARKETING_VERSION = 0.1.0;
				MTL_ENABLE_DEBUG_INFO = INCLUDE_SOURCE;
				MTL_FAST_MATH = YES;
				ONLY_ACTIVE_ARCH = YES;
				PRODUCT_NAME = "$(TARGET_NAME)";
				SDKROOT = iphoneos;
				SWIFT_ACTIVE_COMPILATION_CONDITIONS = DEBUG;
				SWIFT_OPTIMIZATION_LEVEL = "-Onone";
				SWIFT_VERSION = 6.0;
				TARGETED_DEVICE_FAMILY = "1,2";
			};
			name = Debug;
		};
		4D2113961DAF6684CBDBF44D /* Debug */ = {
			isa = XCBuildConfiguration;
			baseConfigurationReference = 7C508BEDC841E4E6D1F86FC5 /* Base.xcconfig */;
			buildSettings = {
				ASSETCATALOG_COMPILER_APPICON_NAME = AppIcon;
				CODE_SIGN_IDENTITY = "iPhone Developer";
				INFOPLIST_FILE = LittleSprout/Info.plist;
				LD_RUNPATH_SEARCH_PATHS = (
					"$(inherited)",
					"@executable_path/Frameworks",
				);
				PRODUCT_BUNDLE_IDENTIFIER = com.leoyeh.littlesprout;
				SDKROOT = iphoneos;
				TARGETED_DEVICE_FAMILY = "1,2";
			};
			name = Debug;
		};
		AE6F54C34120FA25665F9003 /* Release */ = {
			isa = XCBuildConfiguration;
			buildSettings = {
				ALWAYS_SEARCH_USER_PATHS = NO;
				CLANG_ANALYZER_NONNULL = YES;
				CLANG_ANALYZER_NUMBER_OBJECT_CONVERSION = YES_AGGRESSIVE;
				CLANG_CXX_LANGUAGE_STANDARD = "gnu++14";
				CLANG_CXX_LIBRARY = "libc++";
				CLANG_ENABLE_MODULES = YES;
				CLANG_ENABLE_OBJC_ARC = YES;
				CLANG_ENABLE_OBJC_WEAK = YES;
				CLANG_WARN_BLOCK_CAPTURE_AUTORELEASING = YES;
				CLANG_WARN_BOOL_CONVERSION = YES;
				CLANG_WARN_COMMA = YES;
				CLANG_WARN_CONSTANT_CONVERSION = YES;
				CLANG_WARN_DEPRECATED_OBJC_IMPLEMENTATIONS = YES;
				CLANG_WARN_DIRECT_OBJC_ISA_USAGE = YES_ERROR;
				CLANG_WARN_DOCUMENTATION_COMMENTS = YES;
				CLANG_WARN_EMPTY_BODY = YES;
				CLANG_WARN_ENUM_CONVERSION = YES;
				CLANG_WARN_INFINITE_RECURSION = YES;
				CLANG_WARN_INT_CONVERSION = YES;
				CLANG_WARN_NON_LITERAL_NULL_CONVERSION = YES;
				CLANG_WARN_OBJC_IMPLICIT_RETAIN_SELF = YES;
				CLANG_WARN_OBJC_LITERAL_CONVERSION = YES;
				CLANG_WARN_OBJC_ROOT_CLASS = YES_ERROR;
				CLANG_WARN_QUOTED_INCLUDE_IN_FRAMEWORK_HEADER = YES;
				CLANG_WARN_RANGE_LOOP_ANALYSIS = YES;
				CLANG_WARN_STRICT_PROTOTYPES = YES;
				CLANG_WARN_SUSPICIOUS_MOVE = YES;
				CLANG_WARN_UNGUARDED_AVAILABILITY = YES_AGGRESSIVE;
				CLANG_WARN_UNREACHABLE_CODE = YES;
				CLANG_WARN__DUPLICATE_METHOD_MATCH = YES;
				COPY_PHASE_STRIP = NO;
				CURRENT_PROJECT_VERSION = 1;
				DEBUG_INFORMATION_FORMAT = "dwarf-with-dsym";
				ENABLE_NS_ASSERTIONS = NO;
				ENABLE_STRICT_OBJC_MSGSEND = YES;
				GCC_C_LANGUAGE_STANDARD = gnu11;
				GCC_NO_COMMON_BLOCKS = YES;
				GCC_WARN_64_TO_32_BIT_CONVERSION = YES;
				GCC_WARN_ABOUT_RETURN_TYPE = YES_ERROR;
				GCC_WARN_UNDECLARED_SELECTOR = YES;
				GCC_WARN_UNINITIALIZED_AUTOS = YES_AGGRESSIVE;
				GCC_WARN_UNUSED_FUNCTION = YES;
				GCC_WARN_UNUSED_VARIABLE = YES;
				IPHONEOS_DEPLOYMENT_TARGET = 17.0;
				MARKETING_VERSION = 0.1.0;
				MTL_ENABLE_DEBUG_INFO = NO;
				MTL_FAST_MATH = YES;
				PRODUCT_NAME = "$(TARGET_NAME)";
				SDKROOT = iphoneos;
				SWIFT_COMPILATION_MODE = wholemodule;
				SWIFT_OPTIMIZATION_LEVEL = "-O";
				SWIFT_VERSION = 6.0;
				TARGETED_DEVICE_FAMILY = "1,2";
			};
			name = Release;
		};
		B34E3B7944621B1ADD3450F6 /* Debug */ = {
			isa = XCBuildConfiguration;
			buildSettings = {
				BUNDLE_LOADER = "$(TEST_HOST)";
				GENERATE_INFOPLIST_FILE = YES;
				LD_RUNPATH_SEARCH_PATHS = (
					"$(inherited)",
					"@executable_path/Frameworks",
					"@loader_path/Frameworks",
				);
				PRODUCT_BUNDLE_IDENTIFIER = com.leoyeh.LittleSproutTests;
				SDKROOT = iphoneos;
				TARGETED_DEVICE_FAMILY = "1,2";
				TEST_HOST = "$(BUILT_PRODUCTS_DIR)/LittleSprout.app/LittleSprout";
			};
			name = Debug;
		};
/* End XCBuildConfiguration section */

/* Begin XCConfigurationList section */
		704A5E765DFC6DD74D9C2202 /* Build configuration list for PBXProject "LittleSprout" */ = {
			isa = XCConfigurationList;
			buildConfigurations = (
				2B44BAB0C35D3928E44ED5F1 /* Debug */,
				AE6F54C34120FA25665F9003 /* Release */,
			);
			defaultConfigurationIsVisible = 0;
			defaultConfigurationName = Debug;
		};
		D275162D36D215C3FB0ECC37 /* Build configuration list for PBXNativeTarget "LittleSprout" */ = {
			isa = XCConfigurationList;
			buildConfigurations = (
				4D2113961DAF6684CBDBF44D /* Debug */,
				0569F249C29FC89A2E713D6C /* Release */,
			);
			defaultConfigurationIsVisible = 0;
			defaultConfigurationName = Debug;
		};
		D77F09B9CA5863DC966210C6 /* Build configuration list for PBXNativeTarget "LittleSproutTests" */ = {
			isa = XCConfigurationList;
			buildConfigurations = (
				B34E3B7944621B1ADD3450F6 /* Debug */,
				29421F3A7D52CBE65B449F86 /* Release */,
			);
			defaultConfigurationIsVisible = 0;
			defaultConfigurationName = Debug;
		};
/* End XCConfigurationList section */

/* Begin XCRemoteSwiftPackageReference section */
		A72A8F1BDF686D35E4A9C9FC /* XCRemoteSwiftPackageReference "supabase-swift" */ = {
			isa = XCRemoteSwiftPackageReference;
			repositoryURL = "https://github.com/supabase/supabase-swift";
			requirement = {
				kind = exactVersion;
				version = 2.49.0;
			};
		};
/* End XCRemoteSwiftPackageReference section */

/* Begin XCSwiftPackageProductDependency section */
		3A53E62BFF6A8E95027C112E /* Supabase */ = {
			isa = XCSwiftPackageProductDependency;
			package = A72A8F1BDF686D35E4A9C9FC /* XCRemoteSwiftPackageReference "supabase-swift" */;
			productName = Supabase;
		};
		F28DE483C3DA54A9672BFDFF /* Supabase */ = {
			isa = XCSwiftPackageProductDependency;
			package = A72A8F1BDF686D35E4A9C9FC /* XCRemoteSwiftPackageReference "supabase-swift" */;
			productName = Supabase;
		};
/* End XCSwiftPackageProductDependency section */
	};
	rootObject = 3FD113F87A60C4A70D92B16B /* Project object */;
}
